
Microsoft Visual Studio Solution File, Format Version 12.00
# Visual Studio 14
VisualStudioVersion = 14.0.25123.0
MinimumVisualStudioVersion = 10.0.40219.1
Project("{FAE04EC0-301F-11D3-BF4B-00C04F79EFBC}") = "Coffee_Shop", "Coffee Shop\Coffee_Shop.csproj", "{71258242-CE98-4F14-B87A-3CA27C6E8C0E}"
EndProject
Global
	GlobalSection(SolutionConfigurationPlatforms) = preSolution
		Debug|Any CPU = Debug|Any CPU
		Release|Any CPU = Release|Any CPU
	EndGlobalSection
	GlobalSection(ProjectConfigurationPlatforms) = postSolution
		{71258242-CE98-4F14-B87A-3CA27C6E8C0E}.Debug|Any CPU.ActiveCfg = Debug|Any CPU
		{71258242-CE98-4F14-B87A-3CA27C6E8C0E}.Debug|Any CPU.Build.0 = Debug|Any CPU
		{71258242-CE98-4F14-B87A-3CA27C6E8C0E}.Release|Any CPU.ActiveCfg = Release|Any CPU
		{71258242-CE98-4F14-B87A-3CA27C6E8C0E}.Release|Any CPU.Build.0 = Release|Any CPU
	EndGlobalSection
	GlobalSection(SolutionProperties) = preSolution
		HideSolutionNode = FALSE
	EndGlobalSection
EndGlobal
